
Microsoft Visual Studio Solution File, Format Version 12.00
Project("{FAE04EC0-301F-11D3-BF4B-00C04F79EFBC}") = "MakeWish.UserService.Models", "src\MakeWish.UserService.Models\MakeWish.UserService.Models.csproj", "{04F4A7BF-BB7B-4A4D-B553-9B675D0B074C}"
EndProject
Project("{FAE04EC0-301F-11D3-BF4B-00C04F79EFBC}") = "MakeWish.UserService.UseCases", "src\MakeWish.UserService.UseCases\MakeWish.UserService.UseCases.csproj", "{D8D2779B-5673-4DEC-BB11-C522BC09A00A}"
EndProject
Project("{FAE04EC0-301F-11D3-BF4B-00C04F79EFBC}") = "MakeWish.UserService.Interfaces.DataAccess", "src\MakeWish.UserService.Interfaces.DataAccess\MakeWish.UserService.Interfaces.DataAccess.csproj", "{EF3E1160-B7EF-4780-BBE5-05F17D3958BC}"
EndProject
Project("{FAE04EC0-301F-11D3-BF4B-00C04F79EFBC}") = "MakeWish.UserService.Utils", "src\MakeWish.UserService.Utils\MakeWish.UserService.Utils.csproj", "{E3E0FF45-5169-410C-BC6C-CA226FC19628}"
EndProject
Project("{FAE04EC0-301F-11D3-BF4B-00C04F79EFBC}") = "MakeWish.UserService.UnitTests.Models", "tests\MakeWish.UserService.UnitTests.Models\MakeWish.UserService.UnitTests.Models.csproj", "{394E299C-6859-4BF7-A3D2-CD762E66FE45}"
EndProject
Project("{FAE04EC0-301F-11D3-BF4B-00C04F79EFBC}") = "MakeWish.UserService.UnitTests.Common", "tests\MakeWish.UserService.UnitTests.Common\MakeWish.UserService.UnitTests.Common.csproj", "{85377B00-1D4A-49D8-89E4-4D9B17262761}"
EndProject
Project("{FAE04EC0-301F-11D3-BF4B-00C04F79EFBC}") = "MakeWish.UserService.UnitTests.UseCases", "tests\MakeWish.UserService.UnitTests.UseCases\MakeWish.UserService.UnitTests.UseCases.csproj", "{5FD32914-98EB-41C5-85AB-A15186985E6D}"
EndProject
Project("{FAE04EC0-301F-11D3-BF4B-00C04F79EFBC}") = "MakeWish.UserService.Web", "src\MakeWish.UserService.Web\MakeWish.UserService.Web.csproj", "{A8BB09B4-6578-417C-9729-4D41C7B4043D}"
EndProject
Project("{FAE04EC0-301F-11D3-BF4B-00C04F79EFBC}") = "MakeWish.UserService.Adapters.DataAccess.InMemory", "src\MakeWish.UserService.Adapters.DataAccess.InMemory\MakeWish.UserService.Adapters.DataAccess.InMemory.csproj", "{4F80776A-F9E7-481F-8554-31BFE436827A}"
EndProject
Project("{FAE04EC0-301F-11D3-BF4B-00C04F79EFBC}") = "MakeWish.UserService.Adapters.DataAccess.EntityFramework", "src\MakeWish.UserService.Adapters.DataAccess.EntityFramework\MakeWish.UserService.Adapters.DataAccess.EntityFramework.csproj", "{46C4B24F-7040-46C2-A110-CBEF4B4E0A7C}"
EndProject
Project("{FAE04EC0-301F-11D3-BF4B-00C04F79EFBC}") = "MakeWish.UserService.Interfaces.MessageBus", "src\MakeWish.UserService.Interfaces.MessageBus\MakeWish.UserService.Interfaces.MessageBus.csproj", "{692588E6-D922-4920-9FE2-38562DCFDE80}"
EndProject
Project("{FAE04EC0-301F-11D3-BF4B-00C04F79EFBC}") = "MakeWish.UserService.Adapters.MessageBus.RabbitMQ", "src\MakeWish.UserService.Adapters.MessageBus.RabbitMQ\MakeWish.UserService.Adapters.MessageBus.RabbitMQ.csproj", "{52D2BA7A-2526-4FA2-A4D5-D2993514F9AE}"
EndProject
Global
	GlobalSection(SolutionConfigurationPlatforms) = preSolution
		Debug|Any CPU = Debug|Any CPU
		Release|Any CPU = Release|Any CPU
	EndGlobalSection
	GlobalSection(ProjectConfigurationPlatforms) = postSolution
		{04F4A7BF-BB7B-4A4D-B553-9B675D0B074C}.Debug|Any CPU.ActiveCfg = Debug|Any CPU
		{04F4A7BF-BB7B-4A4D-B553-9B675D0B074C}.Debug|Any CPU.Build.0 = Debug|Any CPU
		{04F4A7BF-BB7B-4A4D-B553-9B675D0B074C}.Release|Any CPU.ActiveCfg = Release|Any CPU
		{04F4A7BF-BB7B-4A4D-B553-9B675D0B074C}.Release|Any CPU.Build.0 = Release|Any CPU
		{D8D2779B-5673-4DEC-BB11-C522BC09A00A}.Debug|Any CPU.ActiveCfg = Debug|Any CPU
		{D8D2779B-5673-4DEC-BB11-C522BC09A00A}.Debug|Any CPU.Build.0 = Debug|Any CPU
		{D8D2779B-5673-4DEC-BB11-C522BC09A00A}.Release|Any CPU.ActiveCfg = Release|Any CPU
		{D8D2779B-5673-4DEC-BB11-C522BC09A00A}.Release|Any CPU.Build.0 = Release|Any CPU
		{EF3E1160-B7EF-4780-BBE5-05F17D3958BC}.Debug|Any CPU.ActiveCfg = Debug|Any CPU
		{EF3E1160-B7EF-4780-BBE5-05F17D3958BC}.Debug|Any CPU.Build.0 = Debug|Any CPU
		{EF3E1160-B7EF-4780-BBE5-05F17D3958BC}.Release|Any CPU.ActiveCfg = Release|Any CPU
		{EF3E1160-B7EF-4780-BBE5-05F17D3958BC}.Release|Any CPU.Build.0 = Release|Any CPU
		{E3E0FF45-5169-410C-BC6C-CA226FC19628}.Debug|Any CPU.ActiveCfg = Debug|Any CPU
		{E3E0FF45-5169-410C-BC6C-CA226FC19628}.Debug|Any CPU.Build.0 = Debug|Any CPU
		{E3E0FF45-5169-410C-BC6C-CA226FC19628}.Release|Any CPU.ActiveCfg = Release|Any CPU
		{E3E0FF45-5169-410C-BC6C-CA226FC19628}.Release|Any CPU.Build.0 = Release|Any CPU
		{394E299C-6859-4BF7-A3D2-CD762E66FE45}.Debug|Any CPU.ActiveCfg = Debug|Any CPU
		{394E299C-6859-4BF7-A3D2-CD762E66FE45}.Debug|Any CPU.Build.0 = Debug|Any CPU
		{394E299C-6859-4BF7-A3D2-CD762E66FE45}.Release|Any CPU.ActiveCfg = Release|Any CPU
		{394E299C-6859-4BF7-A3D2-CD762E66FE45}.Release|Any CPU.Build.0 = Release|Any CPU
		{85377B00-1D4A-49D8-89E4-4D9B17262761}.Debug|Any CPU.ActiveCfg = Debug|Any CPU
		{85377B00-1D4A-49D8-89E4-4D9B17262761}.Debug|Any CPU.Build.0 = Debug|Any CPU
		{85377B00-1D4A-49D8-89E4-4D9B17262761}.Release|Any CPU.ActiveCfg = Release|Any CPU
		{85377B00-1D4A-49D8-89E4-4D9B17262761}.Release|Any CPU.Build.0 = Release|Any CPU
		{5FD32914-98EB-41C5-85AB-A15186985E6D}.Debug|Any CPU.ActiveCfg = Debug|Any CPU
		{5FD32914-98EB-41C5-85AB-A15186985E6D}.Debug|Any CPU.Build.0 = Debug|Any CPU
		{5FD32914-98EB-41C5-85AB-A15186985E6D}.Release|Any CPU.ActiveCfg = Release|Any CPU
		{5FD32914-98EB-41C5-85AB-A15186985E6D}.Release|Any CPU.Build.0 = Release|Any CPU
		{A8BB09B4-6578-417C-9729-4D41C7B4043D}.Debug|Any CPU.ActiveCfg = Debug|Any CPU
		{A8BB09B4-6578-417C-9729-4D41C7B4043D}.Debug|Any CPU.Build.0 = Debug|Any CPU
		{A8BB09B4-6578-417C-9729-4D41C7B4043D}.Release|Any CPU.ActiveCfg = Release|Any CPU
		{A8BB09B4-6578-417C-9729-4D41C7B4043D}.Release|Any CPU.Build.0 = Release|Any CPU
		{4F80776A-F9E7-481F-8554-31BFE436827A}.Debug|Any CPU.ActiveCfg = Debug|Any CPU
		{4F80776A-F9E7-481F-8554-31BFE436827A}.Debug|Any CPU.Build.0 = Debug|Any CPU
		{4F80776A-F9E7-481F-8554-31BFE436827A}.Release|Any CPU.ActiveCfg = Release|Any CPU
		{4F80776A-F9E7-481F-8554-31BFE436827A}.Release|Any CPU.Build.0 = Release|Any CPU
		{46C4B24F-7040-46C2-A110-CBEF4B4E0A7C}.Debug|Any CPU.ActiveCfg = Debug|Any CPU
		{46C4B24F-7040-46C2-A110-CBEF4B4E0A7C}.Debug|Any CPU.Build.0 = Debug|Any CPU
		{46C4B24F-7040-46C2-A110-CBEF4B4E0A7C}.Release|Any CPU.ActiveCfg = Release|Any CPU
		{46C4B24F-7040-46C2-A110-CBEF4B4E0A7C}.Release|Any CPU.Build.0 = Release|Any CPU
		{692588E6-D922-4920-9FE2-38562DCFDE80}.Debug|Any CPU.ActiveCfg = Debug|Any CPU
		{692588E6-D922-4920-9FE2-38562DCFDE80}.Debug|Any CPU.Build.0 = Debug|Any CPU
		{692588E6-D922-4920-9FE2-38562DCFDE80}.Release|Any CPU.ActiveCfg = Release|Any CPU
		{692588E6-D922-4920-9FE2-38562DCFDE80}.Release|Any CPU.Build.0 = Release|Any CPU
		{52D2BA7A-2526-4FA2-A4D5-D2993514F9AE}.Debug|Any CPU.ActiveCfg = Debug|Any CPU
		{52D2BA7A-2526-4FA2-A4D5-D2993514F9AE}.Debug|Any CPU.Build.0 = Debug|Any CPU
		{52D2BA7A-2526-4FA2-A4D5-D2993514F9AE}.Release|Any CPU.ActiveCfg = Release|Any CPU
		{52D2BA7A-2526-4FA2-A4D5-D2993514F9AE}.Release|Any CPU.Build.0 = Release|Any CPU
	EndGlobalSection
EndGlobal
